// !$*UTF8*$!
{
	archiveVersion = 1;
	classes = {
	};
	objectVersion = 51;
	objects = {

/* Begin PBXBuildFile section */
		59D895555B97915AE490B1FB /* Pods_PodDemo.framework in Frameworks */ = {isa = PBXBuildFile; fileRef = E3DAF483F529AD579067F116 /* Pods_PodDemo.framework */; };
		7A056E01A630DEA2588A3E67 /* Pods_PodDemo_PodDemoUITests.framework in Frameworks */ = {isa = PBXBuildFile; fileRef = 8B8365CD338C6C28CDF38E12 /* Pods_PodDemo_PodDemoUITests.framework */; };
		80D75289267C4DF100170DB1 /* AppDelegate.m in Sources */ = {isa = PBXBuildFile; fileRef = 80D75288267C4DF100170DB1 /* AppDelegate.m */; };
		80D7528C267C4DF100170DB1 /* SceneDelegate.m in Sources */ = {isa = PBXBuildFile; fileRef = 80D7528B267C4DF100170DB1 /* SceneDelegate.m */; };
		80D7528F267C4DF100170DB1 /* ViewController.m in Sources */ = {isa = PBXBuildFile; fileRef = 80D7528E267C4DF100170DB1 /* ViewController.m */; };
		80D75292267C4DF100170DB1 /* Main.storyboard in Resources */ = {isa = PBXBuildFile; fileRef = 80D75290267C4DF100170DB1 /* Main.storyboard */; };
		80D75294267C4DF200170DB1 /* Assets.xcassets in Resources */ = {isa = PBXBuildFile; fileRef = 80D75293267C4DF200170DB1 /* Assets.xcassets */; };
		80D75297267C4DF200170DB1 /* LaunchScreen.storyboard in Resources */ = {isa = PBXBuildFile; fileRef = 80D75295267C4DF200170DB1 /* LaunchScreen.storyboard */; };
		80D7529A267C4DF200170DB1 /* main.m in Sources */ = {isa = PBXBuildFile; fileRef = 80D75299267C4DF200170DB1 /* main.m */; };
		80D752A4267C4DF200170DB1 /* PodDemoTests.m in Sources */ = {isa = PBXBuildFile; fileRef = 80D752A3267C4DF200170DB1 /* PodDemoTests.m */; };
		80D752AF267C4DF200170DB1 /* PodDemoUITests.m in Sources */ = {isa = PBXBuildFile; fileRef = 80D752AE267C4DF200170DB1 /* PodDemoUITests.m */; };
		A46CA8C4AB7B2E67720BE2BE /* Pods_PodDemoTests.framework in Frameworks */ = {isa = PBXBuildFile; fileRef = 0F210D94A62547088F6ACC95 /* Pods_PodDemoTests.framework */; };
/* End PBXBuildFile section */

/* Begin PBXContainerItemProxy section */
		80D752A0267C4DF200170DB1 /* PBXContainerItemProxy */ = {
			isa = PBXContainerItemProxy;
			containerPortal = 80D7527C267C4DF000170DB1 /* Project object */;
			proxyType = 1;
			remoteGlobalIDString = 80D75283267C4DF000170DB1;
			remoteInfo = PodDemo;
		};
		80D752AB267C4DF200170DB1 /* PBXContainerItemProxy */ = {
			isa = PBXContainerItemProxy;
			containerPortal = 80D7527C267C4DF000170DB1 /* Project object */;
			proxyType = 1;
			remoteGlobalIDString = 80D75283267C4DF000170DB1;
			remoteInfo = PodDemo;
		};
/* End PBXContainerItemProxy section */

/* Begin PBXFileReference section */
		0F210D94A62547088F6ACC95 /* Pods_PodDemoTests.framework */ = {isa = PBXFileReference; explicitFileType = wrapper.framework; includeInIndex = 0; path = Pods_PodDemoTests.framework; sourceTree = BUILT_PRODUCTS_DIR; };
		1814DBBF19F818D5947AFC81 /* Pods-PodDemo-PodDemoUITests.release.xcconfig */ = {isa = PBXFileReference; includeInIndex = 1; lastKnownFileType = text.xcconfig; name = "Pods-PodDemo-PodDemoUITests.release.xcconfig"; path = "Target Support Files/Pods-PodDemo-PodDemoUITests/Pods-PodDemo-PodDemoUITests.release.xcconfig"; sourceTree = "<group>"; };
		2E519C134802E81328CF5526 /* Pods-PodDemo.release.xcconfig */ = {isa = PBXFileReference; includeInIndex = 1; lastKnownFileType = text.xcconfig; name = "Pods-PodDemo.release.xcconfig"; path = "Target Support Files/Pods-PodDemo/Pods-PodDemo.release.xcconfig"; sourceTree = "<group>"; };
		7C4983DC45C2B3DDEBF84299 /* Pods-PodDemoTests.debug.xcconfig */ = {isa = PBXFileReference; includeInIndex = 1; lastKnownFileType = text.xcconfig; name = "Pods-PodDemoTests.debug.xcconfig"; path = "Target Support Files/Pods-PodDemoTests/Pods-PodDemoTests.debug.xcconfig"; sourceTree = "<group>"; };
		80D75284267C4DF100170DB1 /* PodDemo.app */ = {isa = PBXFileReference; explicitFileType = wrapper.application; includeInIndex = 0; path = PodDemo.app; sourceTree = BUILT_PRODUCTS_DIR; };
		80D75287267C4DF100170DB1 /* AppDelegate.h */ = {isa = PBXFileReference; lastKnownFileType = sourcecode.c.h; path = AppDelegate.h; sourceTree = "<group>"; };
		80D75288267C4DF100170DB1 /* AppDelegate.m */ = {isa = PBXFileReference; lastKnownFileType = sourcecode.c.objc; path = AppDelegate.m; sourceTree = "<group>"; };
		80D7528A267C4DF100170DB1 /* SceneDelegate.h */ = {isa = PBXFileReference; lastKnownFileType = sourcecode.c.h; path = SceneDelegate.h; sourceTree = "<group>"; };
		80D7528B267C4DF100170DB1 /* SceneDelegate.m */ = {isa = PBXFileReference; lastKnownFileType = sourcecode.c.objc; path = SceneDelegate.m; sourceTree = "<group>"; };
		80D7528D267C4DF100170DB1 /* ViewController.h */ = {isa = PBXFileReference; lastKnownFileType = sourcecode.c.h; path = ViewController.h; sourceTree = "<group>"; };
		80D7528E267C4DF100170DB1 /* ViewController.m */ = {isa = PBXFileReference; lastKnownFileType = sourcecode.c.objc; path = ViewController.m; sourceTree = "<group>"; };
		80D75291267C4DF100170DB1 /* Base */ = {isa = PBXFileReference; lastKnownFileType = file.storyboard; name = Base; path = Base.lproj/Main.storyboard; sourceTree = "<group>"; };
		80D75293267C4DF200170DB1 /* Assets.xcassets */ = {isa = PBXFileReference; lastKnownFileType = folder.assetcatalog; path = Assets.xcassets; sourceTree = "<group>"; };
		80D75296267C4DF200170DB1 /* Base */ = {isa = PBXFileReference; lastKnownFileType = file.storyboard; name = Base; path = Base.lproj/LaunchScreen.storyboard; sourceTree = "<group>"; };
		80D75298267C4DF200170DB1 /* Info.plist */ = {isa = PBXFileReference; lastKnownFileType = text.plist.xml; path = Info.plist; sourceTree = "<group>"; };
		80D75299267C4DF200170DB1 /* main.m */ = {isa = PBXFileReference; lastKnownFileType = sourcecode.c.objc; path = main.m; sourceTree = "<group>"; };
		80D7529F267C4DF200170DB1 /* PodDemoTests.xctest */ = {isa = PBXFileReference; explicitFileType = wrapper.cfbundle; includeInIndex = 0; path = PodDemoTests.xctest; sourceTree = BUILT_PRODUCTS_DIR; };
		80D752A3267C4DF200170DB1 /* PodDemoTests.m */ = {isa = PBXFileReference; lastKnownFileType = sourcecode.c.objc; path = PodDemoTests.m; sourceTree = "<group>"; };
		80D752A5267C4DF200170DB1 /* Info.plist */ = {isa = PBXFileReference; lastKnownFileType = text.plist.xml; path = Info.plist; sourceTree = "<group>"; };
		80D752AA267C4DF200170DB1 /* PodDemoUITests.xctest */ = {isa = PBXFileReference; explicitFileType = wrapper.cfbundle; includeInIndex = 0; path = PodDemoUITests.xctest; sourceTree = BUILT_PRODUCTS_DIR; };
		80D752AE267C4DF200170DB1 /* PodDemoUITests.m */ = {isa = PBXFileReference; lastKnownFileType = sourcecode.c.objc; path = PodDemoUITests.m; sourceTree = "<group>"; };
		80D752B0267C4DF200170DB1 /* Info.plist */ = {isa = PBXFileReference; lastKnownFileType = text.plist.xml; path = Info.plist; sourceTree = "<group>"; };
		8B8365CD338C6C28CDF38E12 /* Pods_PodDemo_PodDemoUITests.framework */ = {isa = PBXFileReference; explicitFileType = wrapper.framework; includeInIndex = 0; path = Pods_PodDemo_PodDemoUITests.framework; sourceTree = BUILT_PRODUCTS_DIR; };
		B8A83EB3A7BE1692B44F234B /* Pods-PodDemo.debug.xcconfig */ = {isa = PBXFileReference; includeInIndex = 1; lastKnownFileType = text.xcconfig; name = "Pods-PodDemo.debug.xcconfig"; path = "Target Support Files/Pods-PodDemo/Pods-PodDemo.debug.xcconfig"; sourceTree = "<group>"; };
		CCD497A84B305F3F2B7E498B /* Pods-PodDemoTests.release.xcconfig */ = {isa = PBXFileReference; includeInIndex = 1; lastKnownFileType = text.xcconfig; name = "Pods-PodDemoTests.release.xcconfig"; path = "Target Support Files/Pods-PodDemoTests/Pods-PodDemoTests.release.xcconfig"; sourceTree = "<group>"; };
		E3DAF483F529AD579067F116 /* Pods_PodDemo.framework */ = {isa = PBXFileReference; explicitFileType = wrapper.framework; includeInIndex = 0; path = Pods_PodDemo.framework; sourceTree = BUILT_PRODUCTS_DIR; };
		ED03753FB13A95AAB6A080B4 /* Pods-PodDemo-PodDemoUITests.debug.xcconfig */ = {isa = PBXFileReference; includeInIndex = 1; lastKnownFileType = text.xcconfig; name = "Pods-PodDemo-PodDemoUITests.debug.xcconfig"; path = "Target Support Files/Pods-PodDemo-PodDemoUITests/Pods-PodDemo-PodDemoUITests.debug.xcconfig"; sourceTree = "<group>"; };
/* End PBXFileReference section */

/* Begin PBXFrameworksBuildPhase section */
		80D75281267C4DF000170DB1 /* Frameworks */ = {
			isa = PBXFrameworksBuildPhase;
			buildActionMask = 2147483647;
			files = (
				59D895555B97915AE490B1FB /* Pods_PodDemo.framework in Frameworks */,
			);
			runOnlyForDeploymentPostprocessing = 0;
		};
		80D7529C267C4DF200170DB1 /* Frameworks */ = {
			isa = PBXFrameworksBuildPhase;
			buildActionMask = 2147483647;
			files = (
				A46CA8C4AB7B2E67720BE2BE /* Pods_PodDemoTests.framework in Frameworks */,
			);
			runOnlyForDeploymentPostprocessing = 0;
		};
		80D752A7267C4DF200170DB1 /* Frameworks */ = {
			isa = PBXFrameworksBuildPhase;
			buildActionMask = 2147483647;
			files = (
				7A056E01A630DEA2588A3E67 /* Pods_PodDemo_PodDemoUITests.framework in Frameworks */,
			);
			runOnlyForDeploymentPostprocessing = 0;
		};
/* End PBXFrameworksBuildPhase section */

/* Begin PBXGroup section */
		47CEF5FB6D77AEA40C47E98E /* Pods */ = {
			isa = PBXGroup;
			children = (
				B8A83EB3A7BE1692B44F234B /* Pods-PodDemo.debug.xcconfig */,
				2E519C134802E81328CF5526 /* Pods-PodDemo.release.xcconfig */,
				ED03753FB13A95AAB6A080B4 /* Pods-PodDemo-PodDemoUITests.debug.xcconfig */,
				1814DBBF19F818D5947AFC81 /* Pods-PodDemo-PodDemoUITests.release.xcconfig */,
				7C4983DC45C2B3DDEBF84299 /* Pods-PodDemoTests.debug.xcconfig */,
				CCD497A84B305F3F2B7E498B /* Pods-PodDemoTests.release.xcconfig */,
			);
			path = Pods;
			sourceTree = "<group>";
		};
		62E7965B411EB89532E90ACB /* Frameworks */ = {
			isa = PBXGroup;
			children = (
				E3DAF483F529AD579067F116 /* Pods_PodDemo.framework */,
				8B8365CD338C6C28CDF38E12 /* Pods_PodDemo_PodDemoUITests.framework */,
				0F210D94A62547088F6ACC95 /* Pods_PodDemoTests.framework */,
			);
			name = Frameworks;
			sourceTree = "<group>";
		};
		80D7527B267C4DF000170DB1 = {
			isa = PBXGroup;
			children = (
				80D75286267C4DF100170DB1 /* PodDemo */,
				80D752A2267C4DF200170DB1 /* PodDemoTests */,
				80D752AD267C4DF200170DB1 /* PodDemoUITests */,
				80D75285267C4DF100170DB1 /* Products */,
				47CEF5FB6D77AEA40C47E98E /* Pods */,
				62E7965B411EB89532E90ACB /* Frameworks */,
			);
			sourceTree = "<group>";
		};
		80D75285267C4DF100170DB1 /* Products */ = {
			isa = PBXGroup;
			children = (
				80D75284267C4DF100170DB1 /* PodDemo.app */,
				80D7529F267C4DF200170DB1 /* PodDemoTests.xctest */,
				80D752AA267C4DF200170DB1 /* PodDemoUITests.xctest */,
			);
			name = Products;
			sourceTree = "<group>";
		};
		80D75286267C4DF100170DB1 /* PodDemo */ = {
			isa = PBXGroup;
			children = (
				80D75287267C4DF100170DB1 /* AppDelegate.h */,
				80D75288267C4DF100170DB1 /* AppDelegate.m */,
				80D7528A267C4DF100170DB1 /* SceneDelegate.h */,
				80D7528B267C4DF100170DB1 /* SceneDelegate.m */,
				80D7528D267C4DF100170DB1 /* ViewController.h */,
				80D7528E267C4DF100170DB1 /* ViewController.m */,
				80D75290267C4DF100170DB1 /* Main.storyboard */,
				80D75293267C4DF200170DB1 /* Assets.xcassets */,
				80D75295267C4DF200170DB1 /* LaunchScreen.storyboard */,
				80D75298267C4DF200170DB1 /* Info.plist */,
				80D75299267C4DF200170DB1 /* main.m */,
			);
			path = PodDemo;
			sourceTree = "<group>";
		};
		80D752A2267C4DF200170DB1 /* PodDemoTests */ = {
			isa = PBXGroup;
			children = (
				80D752A3267C4DF200170DB1 /* PodDemoTests.m */,
				80D752A5267C4DF200170DB1 /* Info.plist */,
			);
			path = PodDemoTests;
			sourceTree = "<group>";
		};
		80D752AD267C4DF200170DB1 /* PodDemoUITests */ = {
			isa = PBXGroup;
			children = (
				80D752AE267C4DF200170DB1 /* PodDemoUITests.m */,
				80D752B0267C4DF200170DB1 /* Info.plist */,
			);
			path = PodDemoUITests;
			sourceTree = "<group>";
		};
/* End PBXGroup section */

/* Begin PBXNativeTarget section */
		80D75283267C4DF000170DB1 /* PodDemo */ = {
			isa = PBXNativeTarget;
			buildConfigurationList = 80D752B3267C4DF200170DB1 /* Build configuration list for PBXNativeTarget "PodDemo" */;
			buildPhases = (
				58559234F2E2B0A9D5674626 /* [CP] Check Pods Manifest.lock */,
				80D75280267C4DF000170DB1 /* Sources */,
				80D75281267C4DF000170DB1 /* Frameworks */,
				80D75282267C4DF000170DB1 /* Resources */,
				EF715634C95D4D0B0B06E8F9 /* [CP] Embed Pods Frameworks */,
			);
			buildRules = (
			);
			dependencies = (
			);
			name = PodDemo;
			productName = PodDemo;
			productReference = 80D75284267C4DF100170DB1 /* PodDemo.app */;
			productType = "com.apple.product-type.application";
		};
		80D7529E267C4DF200170DB1 /* PodDemoTests */ = {
			isa = PBXNativeTarget;
			buildConfigurationList = 80D752B6267C4DF200170DB1 /* Build configuration list for PBXNativeTarget "PodDemoTests" */;
			buildPhases = (
				EE11DD0ACFF2926C3D764A03 /* [CP] Check Pods Manifest.lock */,
				80D7529B267C4DF200170DB1 /* Sources */,
				80D7529C267C4DF200170DB1 /* Frameworks */,
				80D7529D267C4DF200170DB1 /* Resources */,
			);
			buildRules = (
			);
			dependencies = (
				80D752A1267C4DF200170DB1 /* PBXTargetDependency */,
			);
			name = PodDemoTests;
			productName = PodDemoTests;
			productReference = 80D7529F267C4DF200170DB1 /* PodDemoTests.xctest */;
			productType = "com.apple.product-type.bundle.unit-test";
		};
		80D752A9267C4DF200170DB1 /* PodDemoUITests */ = {
			isa = PBXNativeTarget;
			buildConfigurationList = 80D752B9267C4DF200170DB1 /* Build configuration list for PBXNativeTarget "PodDemoUITests" */;
			buildPhases = (
				9F4EDC80B6E4FD95C76A028A /* [CP] Check Pods Manifest.lock */,
				80D752A6267C4DF200170DB1 /* Sources */,
				80D752A7267C4DF200170DB1 /* Frameworks */,
				80D752A8267C4DF200170DB1 /* Resources */,
				C870EBE7AEAFE2E1D34DBA7E /* [CP] Embed Pods Frameworks */,
			);
			buildRules = (
			);
			dependencies = (
				80D752AC267C4DF200170DB1 /* PBXTargetDependency */,
			);
			name = PodDemoUITests;
			productName = PodDemoUITests;
			productReference = 80D752AA267C4DF200170DB1 /* PodDemoUITests.xctest */;
			productType = "com.apple.product-type.bundle.ui-testing";
		};
/* End PBXNativeTarget section */

/* Begin PBXProject section */
		80D7527C267C4DF000170DB1 /* Project object */ = {
			isa = PBXProject;
			attributes = {
				LastUpgradeCheck = 1230;
				TargetAttributes = {
					80D75283267C4DF000170DB1 = {
						CreatedOnToolsVersion = 12.3;
					};
					80D7529E267C4DF200170DB1 = {
						CreatedOnToolsVersion = 12.3;
						TestTargetID = 80D75283267C4DF000170DB1;
					};
					80D752A9267C4DF200170DB1 = {
						CreatedOnToolsVersion = 12.3;
						TestTargetID = 80D75283267C4DF000170DB1;
					};
				};
			};
			buildConfigurationList = 80D7527F267C4DF000170DB1 /* Build configuration list for PBXProject "PodDemo" */;
			compatibilityVersion = "Xcode 9.3";
			developmentRegion = en;
			hasScannedForEncodings = 0;
			knownRegions = (
				en,
				Base,
			);
			mainGroup = 80D7527B267C4DF000170DB1;
			productRefGroup = 80D75285267C4DF100170DB1 /* Products */;
			projectDirPath = "";
			projectRoot = "";
			targets = (
				80D75283267C4DF000170DB1 /* PodDemo */,
				80D7529E267C4DF200170DB1 /* PodDemoTests */,
				80D752A9267C4DF200170DB1 /* PodDemoUITests */,
			);
		};
/* End PBXProject section */

/* Begin PBXResourcesBuildPhase section */
		80D75282267C4DF000170DB1 /* Resources */ = {
			isa = PBXResourcesBuildPhase;
			buildActionMask = 2147483647;
			files = (
				80D75297267C4DF200170DB1 /* LaunchScreen.storyboard in Resources */,
				80D75294267C4DF200170DB1 /* Assets.xcassets in Resources */,
				80D75292267C4DF100170DB1 /* Main.storyboard in Resources */,
			);
			runOnlyForDeploymentPostprocessing = 0;
		};
		80D7529D267C4DF200170DB1 /* Resources */ = {
			isa = PBXResourcesBuildPhase;
			buildActionMask = 2147483647;
			files = (
			);
			runOnlyForDeploymentPostprocessing = 0;
		};
		80D752A8267C4DF200170DB1 /* Resources */ = {
			isa = PBXResourcesBuildPhase;
			buildActionMask = 2147483647;
			files = (
			);
			runOnlyForDeploymentPostprocessing = 0;
		};
/* End PBXResourcesBuildPhase section */

/* Begin PBXShellScriptBuildPhase section */
		58559234F2E2B0A9D5674626 /* [CP] Check Pods Manifest.lock */ = {
			isa = PBXShellScriptBuildPhase;
			buildActionMask = 2147483647;
			files = (
			);
			inputFileListPaths = (
			);
			inputPaths = (
				"${PODS_PODFILE_DIR_PATH}/Podfile.lock",
				"${PODS_ROOT}/Manifest.lock",
			);
			name = "[CP] Check Pods Manifest.lock";
			outputFileListPaths = (
			);
			outputPaths = (
				"$(DERIVED_FILE_DIR)/Pods-PodDemo-checkManifestLockResult.txt",
			);
			runOnlyForDeploymentPostprocessing = 0;
			shellPath = /bin/sh;
			shellScript = "diff \"${PODS_PODFILE_DIR_PATH}/Podfile.lock\" \"${PODS_ROOT}/Manifest.lock\" > /dev/null\nif [ $? != 0 ] ; then\n    # print error to STDERR\n    echo \"error: The sandbox is not in sync with the Podfile.lock. Run 'pod install' or update your CocoaPods installation.\" >&2\n    exit 1\nfi\n# This output is used by Xcode 'outputs' to avoid re-running this script phase.\necho \"SUCCESS\" > \"${SCRIPT_OUTPUT_FILE_0}\"\n";
			showEnvVarsInLog = 0;
		};
		9F4EDC80B6E4FD95C76A028A /* [CP] Check Pods Manifest.lock */ = {
			isa = PBXShellScriptBuildPhase;
			buildActionMask = 2147483647;
			files = (
			);
			inputFileListPaths = (
			);
			inputPaths = (
				"${PODS_PODFILE_DIR_PATH}/Podfile.lock",
				"${PODS_ROOT}/Manifest.lock",
			);
			name = "[CP] Check Pods Manifest.lock";
			outputFileListPaths = (
			);
			outputPaths = (
				"$(DERIVED_FILE_DIR)/Pods-PodDemo-PodDemoUITests-checkManifestLockResult.txt",
			);
			runOnlyForDeploymentPostprocessing = 0;
			shellPath = /bin/sh;
			shellScript = "diff \"${PODS_PODFILE_DIR_PATH}/Podfile.lock\" \"${PODS_ROOT}/Manifest.lock\" > /dev/null\nif [ $? != 0 ] ; then\n    # print error to STDERR\n    echo \"error: The sandbox is not in sync with the Podfile.lock. Run 'pod install' or update your CocoaPods installation.\" >&2\n    exit 1\nfi\n# This output is used by Xcode 'outputs' to avoid re-running this script phase.\necho \"SUCCESS\" > \"${SCRIPT_OUTPUT_FILE_0}\"\n";
			showEnvVarsInLog = 0;
		};
		C870EBE7AEAFE2E1D34DBA7E /* [CP] Embed Pods Frameworks */ = {
			isa = PBXShellScriptBuildPhase;
			buildActionMask = 2147483647;
			files = (
			);
			inputFileListPaths = (
				"${PODS_ROOT}/Target Support Files/Pods-PodDemo-PodDemoUITests/Pods-PodDemo-PodDemoUITests-frameworks-${CONFIGURATION}-input-files.xcfilelist",
			);
			name = "[CP] Embed Pods Frameworks";
			outputFileListPaths = (
				"${PODS_ROOT}/Target Support Files/Pods-PodDemo-PodDemoUITests/Pods-PodDemo-PodDemoUITests-frameworks-${CONFIGURATION}-output-files.xcfilelist",
			);
			runOnlyForDeploymentPostprocessing = 0;
			shellPath = /bin/sh;
			shellScript = "\"${PODS_ROOT}/Target Support Files/Pods-PodDemo-PodDemoUITests/Pods-PodDemo-PodDemoUITests-frameworks.sh\"\n";
			showEnvVarsInLog = 0;
		};
		EE11DD0ACFF2926C3D764A03 /* [CP] Check Pods Manifest.lock */ = {
			isa = PBXShellScriptBuildPhase;
			buildActionMask = 2147483647;
			files = (
			);
			inputFileListPaths = (
			);
			inputPaths = (
				"${PODS_PODFILE_DIR_PATH}/Podfile.lock",
				"${PODS_ROOT}/Manifest.lock",
			);
			name = "[CP] Check Pods Manifest.lock";
			outputFileListPaths = (
			);
			outputPaths = (
				"$(DERIVED_FILE_DIR)/Pods-PodDemoTests-checkManifestLockResult.txt",
			);
			runOnlyForDeploymentPostprocessing = 0;
			shellPath = /bin/sh;
			shellScript = "diff \"${PODS_PODFILE_DIR_PATH}/Podfile.lock\" \"${PODS_ROOT}/Manifest.lock\" > /dev/null\nif [ $? != 0 ] ; then\n    # print error to STDERR\n    echo \"error: The sandbox is not in sync with the Podfile.lock. Run 'pod install' or update your CocoaPods installation.\" >&2\n    exit 1\nfi\n# This output is used by Xcode 'outputs' to avoid re-running this script phase.\necho \"SUCCESS\" > \"${SCRIPT_OUTPUT_FILE_0}\"\n";
			showEnvVarsInLog = 0;
		};
		EF715634C95D4D0B0B06E8F9 /* [CP] Embed Pods Frameworks */ = {
			isa = PBXShellScriptBuildPhase;
			buildActionMask = 2147483647;
			files = (
			);
			inputFileListPaths = (
				"${PODS_ROOT}/Target Support Files/Pods-PodDemo/Pods-PodDemo-frameworks-${CONFIGURATION}-input-files.xcfilelist",
			);
			name = "[CP] Embed Pods Frameworks";
			outputFileListPaths = (
				"${PODS_ROOT}/Target Support Files/Pods-PodDemo/Pods-PodDemo-frameworks-${CONFIGURATION}-output-files.xcfilelist",
			);
			runOnlyForDeploymentPostprocessing = 0;
			shellPath = /bin/sh;
			shellScript = "\"${PODS_ROOT}/Target Support Files/Pods-PodDemo/Pods-PodDemo-frameworks.sh\"\n";
			showEnvVarsInLog = 0;
		};
/* End PBXShellScriptBuildPhase section */

/* Begin PBXSourcesBuildPhase section */
		80D75280267C4DF000170DB1 /* Sources */ = {
			isa = PBXSourcesBuildPhase;
			buildActionMask = 2147483647;
			files = (
				80D7528F267C4DF100170DB1 /* ViewController.m in Sources */,
				80D75289267C4DF100170DB1 /* AppDelegate.m in Sources */,
				80D7529A267C4DF200170DB1 /* main.m in Sources */,
				80D7528C267C4DF100170DB1 /* SceneDelegate.m in Sources */,
			);
			runOnlyForDeploymentPostprocessing = 0;
		};
		80D7529B267C4DF200170DB1 /* Sources */ = {
			isa = PBXSourcesBuildPhase;
			buildActionMask = 2147483647;
			files = (
				80D752A4267C4DF200170DB1 /* PodDemoTests.m in Sources */,
			);
			runOnlyForDeploymentPostprocessing = 0;
		};
		80D752A6267C4DF200170DB1 /* Sources */ = {
			isa = PBXSourcesBuildPhase;
			buildActionMask = 2147483647;
			files = (
				80D752AF267C4DF200170DB1 /* PodDemoUITests.m in Sources */,
			);
			runOnlyForDeploymentPostprocessing = 0;
		};
/* End PBXSourcesBuildPhase section */

/* Begin PBXTargetDependency section */
		80D752A1267C4DF200170DB1 /* PBXTargetDependency */ = {
			isa = PBXTargetDependency;
			target = 80D75283267C4DF000170DB1 /* PodDemo */;
			targetProxy = 80D752A0267C4DF200170DB1 /* PBXContainerItemProxy */;
		};
		80D752AC267C4DF200170DB1 /* PBXTargetDependency */ = {
			isa = PBXTargetDependency;
			target = 80D75283267C4DF000170DB1 /* PodDemo */;
			targetProxy = 80D752AB267C4DF200170DB1 /* PBXContainerItemProxy */;
		};
/* End PBXTargetDependency section */

/* Begin PBXVariantGroup section */
		80D75290267C4DF100170DB1 /* Main.storyboard */ = {
			isa = PBXVariantGroup;
			children = (
				80D75291267C4DF100170DB1 /* Base */,
			);
			name = Main.storyboard;
			sourceTree = "<group>";
		};
		80D75295267C4DF200170DB1 /* LaunchScreen.storyboard */ = {
			isa = PBXVariantGroup;
			children = (
				80D75296267C4DF200170DB1 /* Base */,
			);
			name = LaunchScreen.storyboard;
			sourceTree = "<group>";
		};
/* End PBXVariantGroup section */

/* Begin XCBuildConfiguration section */
		80D752B1267C4DF200170DB1 /* Debug */ = {
			isa = XCBuildConfiguration;
			buildSettings = {
				ALWAYS_SEARCH_USER_PATHS = NO;
				CLANG_ANALYZER_NONNULL = YES;
				CLANG_ANALYZER_NUMBER_OBJECT_CONVERSION = YES_AGGRESSIVE;
				CLANG_CXX_LANGUAGE_STANDARD = "gnu++14";
				CLANG_CXX_LIBRARY = "libc++";
				CLANG_ENABLE_MODULES = YES;
				CLANG_ENABLE_OBJC_ARC = YES;
				CLANG_ENABLE_OBJC_WEAK = YES;
				CLANG_WARN_BLOCK_CAPTURE_AUTORELEASING = YES;
				CLANG_WARN_BOOL_CONVERSION = YES;
				CLANG_WARN_COMMA = YES;
				CLANG_WARN_CONSTANT_CONVERSION = YES;
				CLANG_WARN_DEPRECATED_OBJC_IMPLEMENTATIONS = YES;
				CLANG_WARN_DIRECT_OBJC_ISA_USAGE = YES_ERROR;
				CLANG_WARN_DOCUMENTATION_COMMENTS = YES;
				CLANG_WARN_EMPTY_BODY = YES;
				CLANG_WARN_ENUM_CONVERSION = YES;
				CLANG_WARN_INFINITE_RECURSION = YES;
				CLANG_WARN_INT_CONVERSION = YES;
				CLANG_WARN_NON_LITERAL_NULL_CONVERSION = YES;
				CLANG_WARN_OBJC_IMPLICIT_RETAIN_SELF = YES;
				CLANG_WARN_OBJC_LITERAL_CONVERSION = YES;
				CLANG_WARN_OBJC_ROOT_CLASS = YES_ERROR;
				CLANG_WARN_QUOTED_INCLUDE_IN_FRAMEWORK_HEADER = YES;
				CLANG_WARN_RANGE_LOOP_ANALYSIS = YES;
				CLANG_WARN_STRICT_PROTOTYPES = YES;
				CLANG_WARN_SUSPICIOUS_MOVE = YES;
				CLANG_WARN_UNGUARDED_AVAILABILITY = YES_AGGRESSIVE;
				CLANG_WARN_UNREACHABLE_CODE = YES;
				CLANG_WARN__DUPLICATE_METHOD_MATCH = YES;
				COPY_PHASE_STRIP = NO;
				DEBUG_INFORMATION_FORMAT = dwarf;
				ENABLE_STRICT_OBJC_MSGSEND = YES;
				ENABLE_TESTABILITY = YES;
				GCC_C_LANGUAGE_STANDARD = gnu11;
				GCC_DYNAMIC_NO_PIC = NO;
				GCC_NO_COMMON_BLOCKS = YES;
				GCC_OPTIMIZATION_LEVEL = 0;
				GCC_PREPROCESSOR_DEFINITIONS = (
					"DEBUG=1",
					"$(inherited)",
				);
				GCC_WARN_64_TO_32_BIT_CONVERSION = YES;
				GCC_WARN_ABOUT_RETURN_TYPE = YES_ERROR;
				GCC_WARN_UNDECLARED_SELECTOR = YES;
				GCC_WARN_UNINITIALIZED_AUTOS = YES_AGGRESSIVE;
				GCC_WARN_UNUSED_FUNCTION = YES;
				GCC_WARN_UNUSED_VARIABLE = YES;
				IPHONEOS_DEPLOYMENT_TARGET = 14.3;
				MTL_ENABLE_DEBUG_INFO = INCLUDE_SOURCE;
				MTL_FAST_MATH = YES;
				ONLY_ACTIVE_ARCH = YES;
				SDKROOT = iphoneos;
			};
			name = Debug;
		};
		80D752B2267C4DF200170DB1 /* Release */ = {
			isa = XCBuildConfiguration;
			buildSettings = {
				ALWAYS_SEARCH_USER_PATHS = NO;
				CLANG_ANALYZER_NONNULL = YES;
				CLANG_ANALYZER_NUMBER_OBJECT_CONVERSION = YES_AGGRESSIVE;
				CLANG_CXX_LANGUAGE_STANDARD = "gnu++14";
				CLANG_CXX_LIBRARY = "libc++";
				CLANG_ENABLE_MODULES = YES;
				CLANG_ENABLE_OBJC_ARC = YES;
				CLANG_ENABLE_OBJC_WEAK = YES;
				CLANG_WARN_BLOCK_CAPTURE_AUTORELEASING = YES;
				CLANG_WARN_BOOL_CONVERSION = YES;
				CLANG_WARN_COMMA = YES;
				CLANG_WARN_CONSTANT_CONVERSION = YES;
				CLANG_WARN_DEPRECATED_OBJC_IMPLEMENTATIONS = YES;
				CLANG_WARN_DIRECT_OBJC_ISA_USAGE = YES_ERROR;
				CLANG_WARN_DOCUMENTATION_COMMENTS = YES;
				CLANG_WARN_EMPTY_BODY = YES;
				CLANG_WARN_ENUM_CONVERSION = YES;
				CLANG_WARN_INFINITE_RECURSION = YES;
				CLANG_WARN_INT_CONVERSION = YES;
				CLANG_WARN_NON_LITERAL_NULL_CONVERSION = YES;
				CLANG_WARN_OBJC_IMPLICIT_RETAIN_SELF = YES;
				CLANG_WARN_OBJC_LITERAL_CONVERSION = YES;
				CLANG_WARN_OBJC_ROOT_CLASS = YES_ERROR;
				CLANG_WARN_QUOTED_INCLUDE_IN_FRAMEWORK_HEADER = YES;
				CLANG_WARN_RANGE_LOOP_ANALYSIS = YES;
				CLANG_WARN_STRICT_PROTOTYPES = YES;
				CLANG_WARN_SUSPICIOUS_MOVE = YES;
				CLANG_WARN_UNGUARDED_AVAILABILITY = YES_AGGRESSIVE;
				CLANG_WARN_UNREACHABLE_CODE = YES;
				CLANG_WARN__DUPLICATE_METHOD_MATCH = YES;
				COPY_PHASE_STRIP = NO;
				DEBUG_INFORMATION_FORMAT = "dwarf-with-dsym";
				ENABLE_NS_ASSERTIONS = NO;
				ENABLE_STRICT_OBJC_MSGSEND = YES;
				GCC_C_LANGUAGE_STANDARD = gnu11;
				GCC_NO_COMMON_BLOCKS = YES;
				GCC_WARN_64_TO_32_BIT_CONVERSION = YES;
				GCC_WARN_ABOUT_RETURN_TYPE = YES_ERROR;
				GCC_WARN_UNDECLARED_SELECTOR = YES;
				GCC_WARN_UNINITIALIZED_AUTOS = YES_AGGRESSIVE;
				GCC_WARN_UNUSED_FUNCTION = YES;
				GCC_WARN_UNUSED_VARIABLE = YES;
				IPHONEOS_DEPLOYMENT_TARGET = 14.3;
				MTL_ENABLE_DEBUG_INFO = NO;
				MTL_FAST_MATH = YES;
				SDKROOT = iphoneos;
				VALIDATE_PRODUCT = YES;
			};
			name = Release;
		};
		80D752B4267C4DF200170DB1 /* Debug */ = {
			isa = XCBuildConfiguration;
			baseConfigurationReference = B8A83EB3A7BE1692B44F234B /* Pods-PodDemo.debug.xcconfig */;
			buildSettings = {
				ASSETCATALOG_COMPILER_APPICON_NAME = AppIcon;
				ASSETCATALOG_COMPILER_GLOBAL_ACCENT_COLOR_NAME = AccentColor;
				CODE_SIGN_STYLE = Automatic;
				INFOPLIST_FILE = PodDemo/Info.plist;
				LD_RUNPATH_SEARCH_PATHS = (
					"$(inherited)",
					"@executable_path/Frameworks",
				);
				PRODUCT_BUNDLE_IDENTIFIER = com.howie.PodDemo;
				PRODUCT_NAME = "$(TARGET_NAME)";
				TARGETED_DEVICE_FAMILY = "1,2";
				USER_HEADER_SEARCH_PATHS = "$(inherited)";
			};
			name = Debug;
		};
		80D752B5267C4DF200170DB1 /* Release */ = {
			isa = XCBuildConfiguration;
			baseConfigurationReference = 2E519C134802E81328CF5526 /* Pods-PodDemo.release.xcconfig */;
			buildSettings = {
				ASSETCATALOG_COMPILER_APPICON_NAME = AppIcon;
				ASSETCATALOG_COMPILER_GLOBAL_ACCENT_COLOR_NAME = AccentColor;
				CODE_SIGN_STYLE = Automatic;
				INFOPLIST_FILE = PodDemo/Info.plist;
				LD_RUNPATH_SEARCH_PATHS = (
					"$(inherited)",
					"@executable_path/Frameworks",
				);
				PRODUCT_BUNDLE_IDENTIFIER = com.howie.PodDemo;
				PRODUCT_NAME = "$(TARGET_NAME)";
				TARGETED_DEVICE_FAMILY = "1,2";
				USER_HEADER_SEARCH_PATHS = "$(inherited)";
			};
			name = Release;
		};
		80D752B7267C4DF200170DB1 /* Debug */ = {
			isa = XCBuildConfiguration;
			baseConfigurationReference = 7C4983DC45C2B3DDEBF84299 /* Pods-PodDemoTests.debug.xcconfig */;
			buildSettings = {
				BUNDLE_LOADER = "$(TEST_HOST)";
				CODE_SIGN_STYLE = Automatic;
				INFOPLIST_FILE = PodDemoTests/Info.plist;
				IPHONEOS_DEPLOYMENT_TARGET = 14.3;
				LD_RUNPATH_SEARCH_PATHS = (
					"$(inherited)",
					"@executable_path/Frameworks",
					"@loader_path/Frameworks",
				);
				PRODUCT_BUNDLE_IDENTIFIER = com.howie.PodDemoTests;
				PRODUCT_NAME = "$(TARGET_NAME)";
				TARGETED_DEVICE_FAMILY = "1,2";
				TEST_HOST = "$(BUILT_PRODUCTS_DIR)/PodDemo.app/PodDemo";
			};
			name = Debug;
		};
		80D752B8267C4DF200170DB1 /* Release */ = {
			isa = XCBuildConfiguration;
			baseConfigurationReference = CCD497A84B305F3F2B7E498B /* Pods-PodDemoTests.release.xcconfig */;
			buildSettings = {
				BUNDLE_LOADER = "$(TEST_HOST)";
				CODE_SIGN_STYLE = Automatic;
				INFOPLIST_FILE = PodDemoTests/Info.plist;
				IPHONEOS_DEPLOYMENT_TARGET = 14.3;
				LD_RUNPATH_SEARCH_PATHS = (
					"$(inherited)",
					"@executable_path/Frameworks",
					"@loader_path/Frameworks",
				);
				PRODUCT_BUNDLE_IDENTIFIER = com.howie.PodDemoTests;
				PRODUCT_NAME = "$(TARGET_NAME)";
				TARGETED_DEVICE_FAMILY = "1,2";
				TEST_HOST = "$(BUILT_PRODUCTS_DIR)/PodDemo.app/PodDemo";
			};
			name = Release;
		};
		80D752BA267C4DF200170DB1 /* Debug */ = {
			isa = XCBuildConfiguration;
			baseConfigurationReference = ED03753FB13A95AAB6A080B4 /* Pods-PodDemo-PodDemoUITests.debug.xcconfig */;
			buildSettings = {
				CODE_SIGN_STYLE = Automatic;
				INFOPLIST_FILE = PodDemoUITests/Info.plist;
				LD_RUNPATH_SEARCH_PATHS = (
					"$(inherited)",
					"@executable_path/Frameworks",
					"@loader_path/Frameworks",
				);
				PRODUCT_BUNDLE_IDENTIFIER = com.howie.PodDemoUITests;
				PRODUCT_NAME = "$(TARGET_NAME)";
				TARGETED_DEVICE_FAMILY = "1,2";
				TEST_TARGET_NAME = PodDemo;
			};
			name = Debug;
		};
		80D752BB267C4DF200170DB1 /* Release */ = {
			isa = XCBuildConfiguration;
			baseConfigurationReference = 1814DBBF19F818D5947AFC81 /* Pods-PodDemo-PodDemoUITests.release.xcconfig */;
			buildSettings = {
				CODE_SIGN_STYLE = Automatic;
				INFOPLIST_FILE = PodDemoUITests/Info.plist;
				LD_RUNPATH_SEARCH_PATHS = (
					"$(inherited)",
					"@executable_path/Frameworks",
					"@loader_path/Frameworks",
				);
				PRODUCT_BUNDLE_IDENTIFIER = com.howie.PodDemoUITests;
				PRODUCT_NAME = "$(TARGET_NAME)";
				TARGETED_DEVICE_FAMILY = "1,2";
				TEST_TARGET_NAME = PodDemo;
			};
			name = Release;
		};
/* End XCBuildConfiguration section */

/* Begin XCConfigurationList section */
		80D7527F267C4DF000170DB1 /* Build configuration list for PBXProject "PodDemo" */ = {
			isa = XCConfigurationList;
			buildConfigurations = (
				80D752B1267C4DF200170DB1 /* Debug */,
				80D752B2267C4DF200170DB1 /* Release */,
			);
			defaultConfigurationIsVisible = 0;
			defaultConfigurationName = Release;
		};
		80D752B3267C4DF200170DB1 /* Build configuration list for PBXNativeTarget "PodDemo" */ = {
			isa = XCConfigurationList;
			buildConfigurations = (
				80D752B4267C4DF200170DB1 /* Debug */,
				80D752B5267C4DF200170DB1 /* Release */,
			);
			defaultConfigurationIsVisible = 0;
			defaultConfigurationName = Release;
		};
		80D752B6267C4DF200170DB1 /* Build configuration list for PBXNativeTarget "PodDemoTests" */ = {
			isa = XCConfigurationList;
			buildConfigurations = (
				80D752B7267C4DF200170DB1 /* Debug */,
				80D752B8267C4DF200170DB1 /* Release */,
			);
			defaultConfigurationIsVisible = 0;
			defaultConfigurationName = Release;
		};
		80D752B9267C4DF200170DB1 /* Build configuration list for PBXNativeTarget "PodDemoUITests" */ = {
			isa = XCConfigurationList;
			buildConfigurations = (
				80D752BA267C4DF200170DB1 /* Debug */,
				80D752BB267C4DF200170DB1 /* Release */,
			);
			defaultConfigurationIsVisible = 0;
			defaultConfigurationName = Release;
		};
/* End XCConfigurationList section */
	};
	rootObject = 80D7527C267C4DF000170DB1 /* Project object */;
}
